
Microsoft Visual Studio Solution File, Format Version 12.00
# Visual Studio Version 17
VisualStudioVersion = 17.11.35222.181
MinimumVisualStudioVersion = 10.0.40219.1
Project("{FAE04EC0-301F-11D3-BF4B-00C04F79EFBC}") = "TestingGround", "TestingGround\TestingGround.csproj", "{30F6484F-162D-4BE1-A170-59328F56333A}"
EndProject
Global
	GlobalSection(SolutionConfigurationPlatforms) = preSolution
		Debug|Any CPU = Debug|Any CPU
		Release|Any CPU = Release|Any CPU
	EndGlobalSection
	GlobalSection(ProjectConfigurationPlatforms) = postSolution
		{30F6484F-162D-4BE1-A170-59328F56333A}.Debug|Any CPU.ActiveCfg = Debug|Any CPU
		{30F6484F-162D-4BE1-A170-59328F56333A}.Debug|Any CPU.Build.0 = Debug|Any CPU
		{30F6484F-162D-4BE1-A170-59328F56333A}.Release|Any CPU.ActiveCfg = Release|Any CPU
		{30F6484F-162D-4BE1-A170-59328F56333A}.Release|Any CPU.Build.0 = Release|Any CPU
	EndGlobalSection
	GlobalSection(SolutionProperties) = preSolution
		HideSolutionNode = FALSE
	EndGlobalSection
	GlobalSection(ExtensibilityGlobals) = postSolution
		SolutionGuid = {2F630B2C-8BF5-4ACD-80F0-8EB13873E966}
	EndGlobalSection
EndGlobal
